// !$*UTF8*$!
{
	archiveVersion = 1;
	classes = {
	};
	objectVersion = 50;
	objects = {

/* Begin PBXBuildFile section */
		BABE34EF238D9D2000E41C5A /* AppDelegate.swift in Sources */ = {isa = PBXBuildFile; fileRef = BABE34EE238D9D2000E41C5A /* AppDelegate.swift */; };
		BABE34F1238D9D2000E41C5A /* SceneDelegate.swift in Sources */ = {isa = PBXBuildFile; fileRef = BABE34F0238D9D2000E41C5A /* SceneDelegate.swift */; };
		BABE34F3238D9D2000E41C5A /* ViewController.swift in Sources */ = {isa = PBXBuildFile; fileRef = BABE34F2238D9D2000E41C5A /* ViewController.swift */; };
		BABE34F6238D9D2000E41C5A /* Main.storyboard in Resources */ = {isa = PBXBuildFile; fileRef = BABE34F4238D9D2000E41C5A /* Main.storyboard */; };
		BABE34F8238D9D2100E41C5A /* Assets.xcassets in Resources */ = {isa = PBXBuildFile; fileRef = BABE34F7238D9D2100E41C5A /* Assets.xcassets */; };
		BABE34FB238D9D2100E41C5A /* LaunchScreen.storyboard in Resources */ = {isa = PBXBuildFile; fileRef = BABE34F9238D9D2100E41C5A /* LaunchScreen.storyboard */; };
		BABE3506238D9D6B00E41C5A /* Questions.swift in Sources */ = {isa = PBXBuildFile; fileRef = BABE3505238D9D6B00E41C5A /* Questions.swift */; };
/* End PBXBuildFile section */

/* Begin PBXFileReference section */
		BABE34EB238D9D2000E41C5A /* StartQuizAppMVC.app */ = {isa = PBXFileReference; explicitFileType = wrapper.application; includeInIndex = 0; path = StartQuizAppMVC.app; sourceTree = BUILT_PRODUCTS_DIR; };
		BABE34EE238D9D2000E41C5A /* AppDelegate.swift */ = {isa = PBXFileReference; lastKnownFileType = sourcecode.swift; path = AppDelegate.swift; sourceTree = "<group>"; };
		BABE34F0238D9D2000E41C5A /* SceneDelegate.swift */ = {isa = PBXFileReference; lastKnownFileType = sourcecode.swift; path = SceneDelegate.swift; sourceTree = "<group>"; };
		BABE34F2238D9D2000E41C5A /* ViewController.swift */ = {isa = PBXFileReference; lastKnownFileType = sourcecode.swift; path = ViewController.swift; sourceTree = "<group>"; };
		BABE34F5238D9D2000E41C5A /* Base */ = {isa = PBXFileReference; lastKnownFileType = file.storyboard; name = Base; path = Base.lproj/Main.storyboard; sourceTree = "<group>"; };
		BABE34F7238D9D2100E41C5A /* Assets.xcassets */ = {isa = PBXFileReference; lastKnownFileType = folder.assetcatalog; path = Assets.xcassets; sourceTree = "<group>"; };
		BABE34FA238D9D2100E41C5A /* Base */ = {isa = PBXFileReference; lastKnownFileType = file.storyboard; name = Base; path = Base.lproj/LaunchScreen.storyboard; sourceTree = "<group>"; };
		BABE34FC238D9D2100E41C5A /* Info.plist */ = {isa = PBXFileReference; lastKnownFileType = text.plist.xml; path = Info.plist; sourceTree = "<group>"; };
		BABE3505238D9D6B00E41C5A /* Questions.swift */ = {isa = PBXFileReference; lastKnownFileType = sourcecode.swift; path = Questions.swift; sourceTree = "<group>"; };
/* End PBXFileReference section */

/* Begin PBXFrameworksBuildPhase section */
		BABE34E8238D9D2000E41C5A /* Frameworks */ = {
			isa = PBXFrameworksBuildPhase;
			buildActionMask = 2147483647;
			files = (
			);
			runOnlyForDeploymentPostprocessing = 0;
		};
/* End PBXFrameworksBuildPhase section */

/* Begin PBXGroup section */
		BABE34E2238D9D2000E41C5A = {
			isa = PBXGroup;
			children = (
				BABE34ED238D9D2000E41C5A /* StartQuizAppMVC */,
				BABE34EC238D9D2000E41C5A /* Products */,
			);
			sourceTree = "<group>";
		};
		BABE34EC238D9D2000E41C5A /* Products */ = {
			isa = PBXGroup;
			children = (
				BABE34EB238D9D2000E41C5A /* StartQuizAppMVC.app */,
			);
			name = Products;
			sourceTree = "<group>";
		};
		BABE34ED238D9D2000E41C5A /* StartQuizAppMVC */ = {
			isa = PBXGroup;
			children = (
				BABE34EE238D9D2000E41C5A /* AppDelegate.swift */,
				BABE34F0238D9D2000E41C5A /* SceneDelegate.swift */,
				BABE3502238D9D3300E41C5A /* Model */,
				BABE3504238D9D4D00E41C5A /* Controller */,
				BABE3503238D9D4400E41C5A /* View */,
				BABE34F9238D9D2100E41C5A /* LaunchScreen.storyboard */,
				BABE34FC238D9D2100E41C5A /* Info.plist */,
			);
			path = StartQuizAppMVC;
			sourceTree = "<group>";
		};
		BABE3502238D9D3300E41C5A /* Model */ = {
			isa = PBXGroup;
			children = (
				BABE3505238D9D6B00E41C5A /* Questions.swift */,
			);
			path = Model;
			sourceTree = "<group>";
		};
		BABE3503238D9D4400E41C5A /* View */ = {
			isa = PBXGroup;
			children = (
				BABE34F7238D9D2100E41C5A /* Assets.xcassets */,
				BABE34F4238D9D2000E41C5A /* Main.storyboard */,
			);
			path = View;
			sourceTree = "<group>";
		};
		BABE3504238D9D4D00E41C5A /* Controller */ = {
			isa = PBXGroup;
			children = (
				BABE34F2238D9D2000E41C5A /* ViewController.swift */,
			);
			path = Controller;
			sourceTree = "<group>";
		};
/* End PBXGroup section */

/* Begin PBXNativeTarget section */
		BABE34EA238D9D2000E41C5A /* StartQuizAppMVC */ = {
			isa = PBXNativeTarget;
			buildConfigurationList = BABE34FF238D9D2100E41C5A /* Build configuration list for PBXNativeTarget "StartQuizAppMVC" */;
			buildPhases = (
				BABE34E7238D9D2000E41C5A /* Sources */,
				BABE34E8238D9D2000E41C5A /* Frameworks */,
				BABE34E9238D9D2000E41C5A /* Resources */,
			);
			buildRules = (
			);
			dependencies = (
			);
			name = StartQuizAppMVC;
			productName = StartQuizAppMVC;
			productReference = BABE34EB238D9D2000E41C5A /* StartQuizAppMVC.app */;
			productType = "com.apple.product-type.application";
		};
/* End PBXNativeTarget section */

/* Begin PBXProject section */
		BABE34E3238D9D2000E41C5A /* Project object */ = {
			isa = PBXProject;
			attributes = {
				LastSwiftUpdateCheck = 1110;
				LastUpgradeCheck = 1110;
				ORGANIZATIONNAME = Mohamed74;
				TargetAttributes = {
					BABE34EA238D9D2000E41C5A = {
						CreatedOnToolsVersion = 11.1;
					};
				};
			};
			buildConfigurationList = BABE34E6238D9D2000E41C5A /* Build configuration list for PBXProject "StartQuizAppMVC" */;
			compatibilityVersion = "Xcode 9.3";
			developmentRegion = en;
			hasScannedForEncodings = 0;
			knownRegions = (
				en,
				Base,
			);
			mainGroup = BABE34E2238D9D2000E41C5A;
			productRefGroup = BABE34EC238D9D2000E41C5A /* Products */;
			projectDirPath = "";
			projectRoot = "";
			targets = (
				BABE34EA238D9D2000E41C5A /* StartQuizAppMVC */,
			);
		};
/* End PBXProject section */

/* Begin PBXResourcesBuildPhase section */
		BABE34E9238D9D2000E41C5A /* Resources */ = {
			isa = PBXResourcesBuildPhase;
			buildActionMask = 2147483647;
			files = (
				BABE34FB238D9D2100E41C5A /* LaunchScreen.storyboard in Resources */,
				BABE34F8238D9D2100E41C5A /* Assets.xcassets in Resources */,
				BABE34F6238D9D2000E41C5A /* Main.storyboard in Resources */,
			);
			runOnlyForDeploymentPostprocessing = 0;
		};
/* End PBXResourcesBuildPhase section */

/* Begin PBXSourcesBuildPhase section */
		BABE34E7238D9D2000E41C5A /* Sources */ = {
			isa = PBXSourcesBuildPhase;
			buildActionMask = 2147483647;
			files = (
				BABE34F3238D9D2000E41C5A /* ViewController.swift in Sources */,
				BABE3506238D9D6B00E41C5A /* Questions.swift in Sources */,
				BABE34EF238D9D2000E41C5A /* AppDelegate.swift in Sources */,
				BABE34F1238D9D2000E41C5A /* SceneDelegate.swift in Sources */,
			);
			runOnlyForDeploymentPostprocessing = 0;
		};
/* End PBXSourcesBuildPhase section */

/* Begin PBXVariantGroup section */
		BABE34F4238D9D2000E41C5A /* Main.storyboard */ = {
			isa = PBXVariantGroup;
			children = (
				BABE34F5238D9D2000E41C5A /* Base */,
			);
			name = Main.storyboard;
			sourceTree = "<group>";
		};
		BABE34F9238D9D2100E41C5A /* LaunchScreen.storyboard */ = {
			isa = PBXVariantGroup;
			children = (
				BABE34FA238D9D2100E41C5A /* Base */,
			);
			name = LaunchScreen.storyboard;
			sourceTree = "<group>";
		};
/* End PBXVariantGroup section */

/* Begin XCBuildConfiguration section */
		BABE34FD238D9D2100E41C5A /* Debug */ = {
			isa = XCBuildConfiguration;
			buildSettings = {
				ALWAYS_SEARCH_USER_PATHS = NO;
				CLANG_ANALYZER_NONNULL = YES;
				CLANG_ANALYZER_NUMBER_OBJECT_CONVERSION = YES_AGGRESSIVE;
				CLANG_CXX_LANGUAGE_STANDARD = "gnu++14";
				CLANG_CXX_LIBRARY = "libc++";
				CLANG_ENABLE_MODULES = YES;
				CLANG_ENABLE_OBJC_ARC = YES;
				CLANG_ENABLE_OBJC_WEAK = YES;
				CLANG_WARN_BLOCK_CAPTURE_AUTORELEASING = YES;
				CLANG_WARN_BOOL_CONVERSION = YES;
				CLANG_WARN_COMMA = YES;
				CLANG_WARN_CONSTANT_CONVERSION = YES;
				CLANG_WARN_DEPRECATED_OBJC_IMPLEMENTATIONS = YES;
				CLANG_WARN_DIRECT_OBJC_ISA_USAGE = YES_ERROR;
				CLANG_WARN_DOCUMENTATION_COMMENTS = YES;
				CLANG_WARN_EMPTY_BODY = YES;
				CLANG_WARN_ENUM_CONVERSION = YES;
				CLANG_WARN_INFINITE_RECURSION = YES;
				CLANG_WARN_INT_CONVERSION = YES;
				CLANG_WARN_NON_LITERAL_NULL_CONVERSION = YES;
				CLANG_WARN_OBJC_IMPLICIT_RETAIN_SELF = YES;
				CLANG_WARN_OBJC_LITERAL_CONVERSION = YES;
				CLANG_WARN_OBJC_ROOT_CLASS = YES_ERROR;
				CLANG_WARN_RANGE_LOOP_ANALYSIS = YES;
				CLANG_WARN_STRICT_PROTOTYPES = YES;
				CLANG_WARN_SUSPICIOUS_MOVE = YES;
				CLANG_WARN_UNGUARDED_AVAILABILITY = YES_AGGRESSIVE;
				CLANG_WARN_UNREACHABLE_CODE = YES;
				CLANG_WARN__DUPLICATE_METHOD_MATCH = YES;
				COPY_PHASE_STRIP = NO;
				DEBUG_INFORMATION_FORMAT = dwarf;
				ENABLE_STRICT_OBJC_MSGSEND = YES;
				ENABLE_TESTABILITY = YES;
				GCC_C_LANGUAGE_STANDARD = gnu11;
				GCC_DYNAMIC_NO_PIC = NO;
				GCC_NO_COMMON_BLOCKS = YES;
				GCC_OPTIMIZATION_LEVEL = 0;
				GCC_PREPROCESSOR_DEFINITIONS = (
					"DEBUG=1",
					"$(inherited)",
				);
				GCC_WARN_64_TO_32_BIT_CONVERSION = YES;
				GCC_WARN_ABOUT_RETURN_TYPE = YES_ERROR;
				GCC_WARN_UNDECLARED_SELECTOR = YES;
				GCC_WARN_UNINITIALIZED_AUTOS = YES_AGGRESSIVE;
				GCC_WARN_UNUSED_FUNCTION = YES;
				GCC_WARN_UNUSED_VARIABLE = YES;
				IPHONEOS_DEPLOYMENT_TARGET = 13.1;
				MTL_ENABLE_DEBUG_INFO = INCLUDE_SOURCE;
				MTL_FAST_MATH = YES;
				ONLY_ACTIVE_ARCH = YES;
				SDKROOT = iphoneos;
				SWIFT_ACTIVE_COMPILATION_CONDITIONS = DEBUG;
				SWIFT_OPTIMIZATION_LEVEL = "-Onone";
			};
			name = Debug;
		};
		BABE34FE238D9D2100E41C5A /* Release */ = {
			isa = XCBuildConfiguration;
			buildSettings = {
				ALWAYS_SEARCH_USER_PATHS = NO;
				CLANG_ANALYZER_NONNULL = YES;
				CLANG_ANALYZER_NUMBER_OBJECT_CONVERSION = YES_AGGRESSIVE;
				CLANG_CXX_LANGUAGE_STANDARD = "gnu++14";
				CLANG_CXX_LIBRARY = "libc++";
				CLANG_ENABLE_MODULES = YES;
				CLANG_ENABLE_OBJC_ARC = YES;
				CLANG_ENABLE_OBJC_WEAK = YES;
				CLANG_WARN_BLOCK_CAPTURE_AUTORELEASING = YES;
				CLANG_WARN_BOOL_CONVERSION = YES;
				CLANG_WARN_COMMA = YES;
				CLANG_WARN_CONSTANT_CONVERSION = YES;
				CLANG_WARN_DEPRECATED_OBJC_IMPLEMENTATIONS = YES;
				CLANG_WARN_DIRECT_OBJC_ISA_USAGE = YES_ERROR;
				CLANG_WARN_DOCUMENTATION_COMMENTS = YES;
				CLANG_WARN_EMPTY_BODY = YES;
				CLANG_WARN_ENUM_CONVERSION = YES;
				CLANG_WARN_INFINITE_RECURSION = YES;
				CLANG_WARN_INT_CONVERSION = YES;
				CLANG_WARN_NON_LITERAL_NULL_CONVERSION = YES;
				CLANG_WARN_OBJC_IMPLICIT_RETAIN_SELF = YES;
				CLANG_WARN_OBJC_LITERAL_CONVERSION = YES;
				CLANG_WARN_OBJC_ROOT_CLASS = YES_ERROR;
				CLANG_WARN_RANGE_LOOP_ANALYSIS = YES;
				CLANG_WARN_STRICT_PROTOTYPES = YES;
				CLANG_WARN_SUSPICIOUS_MOVE = YES;
				CLANG_WARN_UNGUARDED_AVAILABILITY = YES_AGGRESSIVE;
				CLANG_WARN_UNREACHABLE_CODE = YES;
				CLANG_WARN__DUPLICATE_METHOD_MATCH = YES;
				COPY_PHASE_STRIP = NO;
				DEBUG_INFORMATION_FORMAT = "dwarf-with-dsym";
				ENABLE_NS_ASSERTIONS = NO;
				ENABLE_STRICT_OBJC_MSGSEND = YES;
				GCC_C_LANGUAGE_STANDARD = gnu11;
				GCC_NO_COMMON_BLOCKS = YES;
				GCC_WARN_64_TO_32_BIT_CONVERSION = YES;
				GCC_WARN_ABOUT_RETURN_TYPE = YES_ERROR;
				GCC_WARN_UNDECLARED_SELECTOR = YES;
				GCC_WARN_UNINITIALIZED_AUTOS = YES_AGGRESSIVE;
				GCC_WARN_UNUSED_FUNCTION = YES;
				GCC_WARN_UNUSED_VARIABLE = YES;
				IPHONEOS_DEPLOYMENT_TARGET = 13.1;
				MTL_ENABLE_DEBUG_INFO = NO;
				MTL_FAST_MATH = YES;
				SDKROOT = iphoneos;
				SWIFT_COMPILATION_MODE = wholemodule;
				SWIFT_OPTIMIZATION_LEVEL = "-O";
				VALIDATE_PRODUCT = YES;
			};
			name = Release;
		};
		BABE3500238D9D2100E41C5A /* Debug */ = {
			isa = XCBuildConfiguration;
			buildSettings = {
				ASSETCATALOG_COMPILER_APPICON_NAME = AppIcon;
				CODE_SIGN_STYLE = Automatic;
				DEVELOPMENT_TEAM = 2S53RG6Q4M;
				INFOPLIST_FILE = StartQuizAppMVC/Info.plist;
				LD_RUNPATH_SEARCH_PATHS = (
					"$(inherited)",
					"@executable_path/Frameworks",
				);
				PRODUCT_BUNDLE_IDENTIFIER = "Mohamed-osama.StartQuizAppMVC";
				PRODUCT_NAME = "$(TARGET_NAME)";
				SWIFT_VERSION = 5.0;
				TARGETED_DEVICE_FAMILY = "1,2";
			};
			name = Debug;
		};
		BABE3501238D9D2100E41C5A /* Release */ = {
			isa = XCBuildConfiguration;
			buildSettings = {
				ASSETCATALOG_COMPILER_APPICON_NAME = AppIcon;
				CODE_SIGN_STYLE = Automatic;
				DEVELOPMENT_TEAM = 2S53RG6Q4M;
				INFOPLIST_FILE = StartQuizAppMVC/Info.plist;
				LD_RUNPATH_SEARCH_PATHS = (
					"$(inherited)",
					"@executable_path/Frameworks",
				);
				PRODUCT_BUNDLE_IDENTIFIER = "Mohamed-osama.StartQuizAppMVC";
				PRODUCT_NAME = "$(TARGET_NAME)";
				SWIFT_VERSION = 5.0;
				TARGETED_DEVICE_FAMILY = "1,2";
			};
			name = Release;
		};
/* End XCBuildConfiguration section */

/* Begin XCConfigurationList section */
		BABE34E6238D9D2000E41C5A /* Build configuration list for PBXProject "StartQuizAppMVC" */ = {
			isa = XCConfigurationList;
			buildConfigurations = (
				BABE34FD238D9D2100E41C5A /* Debug */,
				BABE34FE238D9D2100E41C5A /* Release */,
			);
			defaultConfigurationIsVisible = 0;
			defaultConfigurationName = Release;
		};
		BABE34FF238D9D2100E41C5A /* Build configuration list for PBXNativeTarget "StartQuizAppMVC" */ = {
			isa = XCConfigurationList;
			buildConfigurations = (
				BABE3500238D9D2100E41C5A /* Debug */,
				BABE3501238D9D2100E41C5A /* Release */,
			);
			defaultConfigurationIsVisible = 0;
			defaultConfigurationName = Release;
		};
/* End XCConfigurationList section */
	};
	rootObject = BABE34E3238D9D2000E41C5A /* Project object */;
}
